
Microsoft Visual Studio Solution File, Format Version 12.00
# Visual Studio Version 17
VisualStudioVersion = 17.7.34202.233
MinimumVisualStudioVersion = 10.0.40219.1
Project("{9A19103F-16F7-4668-BE54-9A1E7A4F7556}") = "Calculator", "Calculator\Calculator.csproj", "{F2BFB7B4-B7F5-4596-A079-98BA783914FA}"
EndProject
Project("{FAE04EC0-301F-11D3-BF4B-00C04F79EFBC}") = "CalculatorUnitTest", "CalculatorUnitTest\CalculatorUnitTest.csproj", "{10BA8C64-901A-4315-8250-8D46E2AF3709}"
EndProject
Global
	GlobalSection(SolutionConfigurationPlatforms) = preSolution
		Debug|Any CPU = Debug|Any CPU
		Release|Any CPU = Release|Any CPU
	EndGlobalSection
	GlobalSection(ProjectConfigurationPlatforms) = postSolution
		{F2BFB7B4-B7F5-4596-A079-98BA783914FA}.Debug|Any CPU.ActiveCfg = Debug|Any CPU
		{F2BFB7B4-B7F5-4596-A079-98BA783914FA}.Debug|Any CPU.Build.0 = Debug|Any CPU
		{F2BFB7B4-B7F5-4596-A079-98BA783914FA}.Release|Any CPU.ActiveCfg = Release|Any CPU
		{F2BFB7B4-B7F5-4596-A079-98BA783914FA}.Release|Any CPU.Build.0 = Release|Any CPU
		{10BA8C64-901A-4315-8250-8D46E2AF3709}.Debug|Any CPU.ActiveCfg = Debug|Any CPU
		{10BA8C64-901A-4315-8250-8D46E2AF3709}.Debug|Any CPU.Build.0 = Debug|Any CPU
		{10BA8C64-901A-4315-8250-8D46E2AF3709}.Release|Any CPU.ActiveCfg = Release|Any CPU
		{10BA8C64-901A-4315-8250-8D46E2AF3709}.Release|Any CPU.Build.0 = Release|Any CPU
	EndGlobalSection
	GlobalSection(SolutionProperties) = preSolution
		HideSolutionNode = FALSE
	EndGlobalSection
	GlobalSection(ExtensibilityGlobals) = postSolution
		SolutionGuid = {F00B6BE4-33D3-401D-9993-1679E62B2ECD}
	EndGlobalSection
EndGlobal
